#
# This file is autogenerated by pip-compile with Python 3.11
# by the following command:
#
#    pip-compile requirements.txt -o requirements.lock
#
# To regenerate, run:
#    pip-compile requirements.txt -o requirements.lock
#
# Note: python-pushover is pinned manually due to legacy setup.py compatibility issues.
# The package works fine when installed, but pip-compile cannot resolve its metadata.
#
aiofiles==25.1.0
    # via -r requirements.txt
aiohappyeyeballs==2.6.1
    # via aiohttp
aiohttp==3.13.3
    # via -r requirements.txt
aiosignal==1.4.0
    # via aiohttp
aiosqlite==0.22.1
    # via -r requirements.txt
annotated-types==0.7.0
    # via pydantic
anthropic==0.76.0
    # via -r requirements.txt
anyio==4.12.1
    # via
    #   anthropic
    #   httpx
    #   openai
attrs==25.4.0
    # via aiohttp
certifi==2026.1.4
    # via
    #   httpcore
    #   httpx
# charset-normalizer removed - was only needed by requests
click==8.3.1
    # via -r requirements.txt
distro==1.9.0
    # via
    #   anthropic
    #   openai
docstring-parser==0.17.0
    # via anthropic
frozenlist==1.8.0
    # via
    #   aiohttp
    #   aiosignal
h11==0.16.0
    # via httpcore
httpcore==1.0.9
    # via httpx
httpx==0.28.1
    # via
    #   anthropic
    #   notion-client
    #   openai
idna==3.11
    # via
    #   anyio
    #   httpx
    #   yarl
jinja2==3.1.6
    # via -r requirements.txt
jiter==0.12.0
    # via
    #   anthropic
    #   openai
markdown-it-py==4.0.0
    # via rich
markupsafe==3.0.3
    # via jinja2
mdurl==0.1.2
    # via markdown-it-py
multidict==6.7.0
    # via
    #   aiohttp
    #   yarl
notion-client==2.7.0
    # via -r requirements.txt
openai==2.15.0
    # via -r requirements.txt
propcache==0.4.1
    # via
    #   aiohttp
    #   yarl
pydantic==2.12.5
    # via
    #   -r requirements.txt
    #   anthropic
    #   openai
    #   pydantic-settings
pydantic-core==2.41.5
    # via pydantic
pydantic-settings==2.12.0
    # via -r requirements.txt
pygments==2.19.2
    # via rich
python-dotenv==1.2.1
    # via
    #   -r requirements.txt
    #   pydantic-settings
# python-pushover removed - pushover.py uses aiohttp directly
pyyaml==6.0.3
    # via -r requirements.txt
# requests removed - was only needed by python-pushover
rich==14.2.0
    # via -r requirements.txt
sniffio==1.3.1
    # via
    #   anthropic
    #   openai
tqdm==4.67.1
    # via openai
typing-extensions==4.15.0
    # via
    #   aiosignal
    #   anthropic
    #   anyio
    #   openai
    #   pydantic
    #   pydantic-core
    #   typing-inspection
typing-inspection==0.4.2
    # via
    #   pydantic
    #   pydantic-settings
# urllib3 removed - was only needed by requests
watchdog==6.0.0
    # via -r requirements.txt
yarl==1.22.0
    # via aiohttp
